
Microsoft Visual Studio Solution File, Format Version 12.00
# Visual Studio Version 16
VisualStudioVersion = 16.0.30002.166
MinimumVisualStudioVersion = 10.0.40219.1
Project("{FAE04EC0-301F-11D3-BF4B-00C04F79EFBC}") = "Lab12_2", "Lab12_2.csproj", "{DD0B19BE-58A3-45DC-A398-CD61917DFAF5}"
EndProject
Global
	GlobalSection(SolutionConfigurationPlatforms) = preSolution
		Debug|Any CPU = Debug|Any CPU
		Release|Any CPU = Release|Any CPU
	EndGlobalSection
	GlobalSection(ProjectConfigurationPlatforms) = postSolution
		{DD0B19BE-58A3-45DC-A398-CD61917DFAF5}.Debug|Any CPU.ActiveCfg = Debug|Any CPU
		{DD0B19BE-58A3-45DC-A398-CD61917DFAF5}.Debug|Any CPU.Build.0 = Debug|Any CPU
		{DD0B19BE-58A3-45DC-A398-CD61917DFAF5}.Release|Any CPU.ActiveCfg = Release|Any CPU
		{DD0B19BE-58A3-45DC-A398-CD61917DFAF5}.Release|Any CPU.Build.0 = Release|Any CPU
	EndGlobalSection
	GlobalSection(SolutionProperties) = preSolution
		HideSolutionNode = FALSE
	EndGlobalSection
	GlobalSection(ExtensibilityGlobals) = postSolution
		SolutionGuid = {348A9BAF-EF48-4F62-A9E8-8145203492D7}
	EndGlobalSection
EndGlobal
