
Microsoft Visual Studio Solution File, Format Version 12.00
# Visual Studio Version 16
VisualStudioVersion = 16.0.29806.167
MinimumVisualStudioVersion = 10.0.40219.1
Project("{FAE04EC0-301F-11D3-BF4B-00C04F79EFBC}") = "Lab6_3", "Lab6_3.csproj", "{52135EEB-86F8-4DED-9A36-90AAE3D6B472}"
EndProject
Global
	GlobalSection(SolutionConfigurationPlatforms) = preSolution
		Debug|Any CPU = Debug|Any CPU
		Release|Any CPU = Release|Any CPU
	EndGlobalSection
	GlobalSection(ProjectConfigurationPlatforms) = postSolution
		{52135EEB-86F8-4DED-9A36-90AAE3D6B472}.Debug|Any CPU.ActiveCfg = Debug|Any CPU
		{52135EEB-86F8-4DED-9A36-90AAE3D6B472}.Debug|Any CPU.Build.0 = Debug|Any CPU
		{52135EEB-86F8-4DED-9A36-90AAE3D6B472}.Release|Any CPU.ActiveCfg = Release|Any CPU
		{52135EEB-86F8-4DED-9A36-90AAE3D6B472}.Release|Any CPU.Build.0 = Release|Any CPU
	EndGlobalSection
	GlobalSection(SolutionProperties) = preSolution
		HideSolutionNode = FALSE
	EndGlobalSection
	GlobalSection(ExtensibilityGlobals) = postSolution
		SolutionGuid = {822550A9-6F3D-48C1-9F8C-2CC6173892BE}
	EndGlobalSection
EndGlobal
