
Microsoft Visual Studio Solution File, Format Version 12.00
# Visual Studio Version 16
VisualStudioVersion = 16.0.29806.167
MinimumVisualStudioVersion = 10.0.40219.1
Project("{FAE04EC0-301F-11D3-BF4B-00C04F79EFBC}") = "Lab4_1", "Lab4_1.csproj", "{33E1A365-DB0E-47CF-A29A-6D52DF9CDA96}"
EndProject
Global
	GlobalSection(SolutionConfigurationPlatforms) = preSolution
		Debug|Any CPU = Debug|Any CPU
		Release|Any CPU = Release|Any CPU
	EndGlobalSection
	GlobalSection(ProjectConfigurationPlatforms) = postSolution
		{33E1A365-DB0E-47CF-A29A-6D52DF9CDA96}.Debug|Any CPU.ActiveCfg = Debug|Any CPU
		{33E1A365-DB0E-47CF-A29A-6D52DF9CDA96}.Debug|Any CPU.Build.0 = Debug|Any CPU
		{33E1A365-DB0E-47CF-A29A-6D52DF9CDA96}.Release|Any CPU.ActiveCfg = Release|Any CPU
		{33E1A365-DB0E-47CF-A29A-6D52DF9CDA96}.Release|Any CPU.Build.0 = Release|Any CPU
	EndGlobalSection
	GlobalSection(SolutionProperties) = preSolution
		HideSolutionNode = FALSE
	EndGlobalSection
	GlobalSection(ExtensibilityGlobals) = postSolution
		SolutionGuid = {6751CF14-B1C8-4C07-B179-A5FD35963444}
	EndGlobalSection
EndGlobal
