
Microsoft Visual Studio Solution File, Format Version 12.00
# Visual Studio Version 16
VisualStudioVersion = 16.0.29911.84
MinimumVisualStudioVersion = 10.0.40219.1
Project("{FAE04EC0-301F-11D3-BF4B-00C04F79EFBC}") = "Lab8_2", "Lab8_2.csproj", "{FADA9D47-06FC-4A53-82F6-34AD1329C80A}"
EndProject
Global
	GlobalSection(SolutionConfigurationPlatforms) = preSolution
		Debug|Any CPU = Debug|Any CPU
		Release|Any CPU = Release|Any CPU
	EndGlobalSection
	GlobalSection(ProjectConfigurationPlatforms) = postSolution
		{FADA9D47-06FC-4A53-82F6-34AD1329C80A}.Debug|Any CPU.ActiveCfg = Debug|Any CPU
		{FADA9D47-06FC-4A53-82F6-34AD1329C80A}.Debug|Any CPU.Build.0 = Debug|Any CPU
		{FADA9D47-06FC-4A53-82F6-34AD1329C80A}.Release|Any CPU.ActiveCfg = Release|Any CPU
		{FADA9D47-06FC-4A53-82F6-34AD1329C80A}.Release|Any CPU.Build.0 = Release|Any CPU
	EndGlobalSection
	GlobalSection(SolutionProperties) = preSolution
		HideSolutionNode = FALSE
	EndGlobalSection
	GlobalSection(ExtensibilityGlobals) = postSolution
		SolutionGuid = {354C5816-2EA9-4BEA-BD7D-98E7B092A0F5}
	EndGlobalSection
EndGlobal
