
Microsoft Visual Studio Solution File, Format Version 12.00
# Visual Studio Version 16
VisualStudioVersion = 16.0.30002.166
MinimumVisualStudioVersion = 10.0.40219.1
Project("{FAE04EC0-301F-11D3-BF4B-00C04F79EFBC}") = "Lab7_2", "Lab7_2.csproj", "{286B84F0-BAD4-4DAC-85FB-504309D5E872}"
EndProject
Global
	GlobalSection(SolutionConfigurationPlatforms) = preSolution
		Debug|Any CPU = Debug|Any CPU
		Release|Any CPU = Release|Any CPU
	EndGlobalSection
	GlobalSection(ProjectConfigurationPlatforms) = postSolution
		{286B84F0-BAD4-4DAC-85FB-504309D5E872}.Debug|Any CPU.ActiveCfg = Debug|Any CPU
		{286B84F0-BAD4-4DAC-85FB-504309D5E872}.Debug|Any CPU.Build.0 = Debug|Any CPU
		{286B84F0-BAD4-4DAC-85FB-504309D5E872}.Release|Any CPU.ActiveCfg = Release|Any CPU
		{286B84F0-BAD4-4DAC-85FB-504309D5E872}.Release|Any CPU.Build.0 = Release|Any CPU
	EndGlobalSection
	GlobalSection(SolutionProperties) = preSolution
		HideSolutionNode = FALSE
	EndGlobalSection
	GlobalSection(ExtensibilityGlobals) = postSolution
		SolutionGuid = {90A125E7-7C41-4775-9A97-FB057F9B3D2F}
	EndGlobalSection
EndGlobal
